
Microsoft Visual Studio Solution File, Format Version 12.00
# Visual Studio Version 17
VisualStudioVersion = 17.2.32516.85
MinimumVisualStudioVersion = 10.0.40219.1
Project("{FAE04EC0-301F-11D3-BF4B-00C04F79EFBC}") = "IterationStatementsExercise2.0", "IterationStatementsExercise2.0.csproj", "{91B39952-45E9-472C-9241-096945CE8E30}"
EndProject
Global
	GlobalSection(SolutionConfigurationPlatforms) = preSolution
		Debug|Any CPU = Debug|Any CPU
		Release|Any CPU = Release|Any CPU
	EndGlobalSection
	GlobalSection(ProjectConfigurationPlatforms) = postSolution
		{91B39952-45E9-472C-9241-096945CE8E30}.Debug|Any CPU.ActiveCfg = Debug|Any CPU
		{91B39952-45E9-472C-9241-096945CE8E30}.Debug|Any CPU.Build.0 = Debug|Any CPU
		{91B39952-45E9-472C-9241-096945CE8E30}.Release|Any CPU.ActiveCfg = Release|Any CPU
		{91B39952-45E9-472C-9241-096945CE8E30}.Release|Any CPU.Build.0 = Release|Any CPU
	EndGlobalSection
	GlobalSection(SolutionProperties) = preSolution
		HideSolutionNode = FALSE
	EndGlobalSection
	GlobalSection(ExtensibilityGlobals) = postSolution
		SolutionGuid = {0A449B66-D82F-4C31-977D-BF7DF449F728}
	EndGlobalSection
EndGlobal
